Microsoft Visual Studio Solution File, Format Version 10.00
# Visual Studio 2008
Project("{8BC9CEB8-8B4A-11D0-8D11-00A0C91BC942}") = "example-direct_tcpip", "example\example-direct_tcpip.vcproj", "{B7530B7E-D817-3093-A48C-ED5A59A750CB}"
	ProjectSection(ProjectDependencies) = postProject
		{577D9619-F40A-39C7-B5EE-4481A42E012A} = {577D9619-F40A-39C7-B5EE-4481A42E012A}
	EndProjectSection
EndProject
Project("{8BC9CEB8-8B4A-11D0-8D11-00A0C91BC942}") = "example-scp", "example\example-scp.vcproj", "{835CA227-7BAB-34F2-9C5F-65A45D0B8433}"
	ProjectSection(ProjectDependencies) = postProject
		{577D9619-F40A-39C7-B5EE-4481A42E012A} = {577D9619-F40A-39C7-B5EE-4481A42E012A}
	EndProjectSection
EndProject
Project("{8BC9CEB8-8B4A-11D0-8D11-00A0C91BC942}") = "example-scp_nonblock", "example\example-scp_nonblock.vcproj", "{82FEE804-DEFC-3838-A5C2-D4DD4568715C}"
	ProjectSection(ProjectDependencies) = postProject
		{577D9619-F40A-39C7-B5EE-4481A42E012A} = {577D9619-F40A-39C7-B5EE-4481A42E012A}
	EndProjectSection
EndProject
Project("{8BC9CEB8-8B4A-11D0-8D11-00A0C91BC942}") = "example-scp_write", "example\example-scp_write.vcproj", "{86F699B3-B81A-34B5-8D7C-DD1A80116447}"
	ProjectSection(ProjectDependencies) = postProject
		{577D9619-F40A-39C7-B5EE-4481A42E012A} = {577D9619-F40A-39C7-B5EE-4481A42E012A}
	EndProjectSection
EndProject
Project("{8BC9CEB8-8B4A-11D0-8D11-00A0C91BC942}") = "example-scp_write_nonblock", "example\example-scp_write_nonblock.vcproj", "{2880B9FD-1936-3D67-8FF2-63846E79C392}"
	ProjectSection(ProjectDependencies) = postProject
		{577D9619-F40A-39C7-B5EE-4481A42E012A} = {577D9619-F40A-39C7-B5EE-4481A42E012A}
	EndProjectSection
EndProject
Project("{8BC9CEB8-8B4A-11D0-8D11-00A0C91BC942}") = "example-sftp", "example\example-sftp.vcproj", "{A2DEF529-E5AA-3322-848B-FC74EC62F18D}"
	ProjectSection(ProjectDependencies) = postProject
		{577D9619-F40A-39C7-B5EE-4481A42E012A} = {577D9619-F40A-39C7-B5EE-4481A42E012A}
	EndProjectSection
EndProject
Project("{8BC9CEB8-8B4A-11D0-8D11-00A0C91BC942}") = "example-sftp_RW_nonblock", "example\example-sftp_RW_nonblock.vcproj", "{82376E8B-3DFD-3CBE-8E6C-CF792ADF4C2B}"
	ProjectSection(ProjectDependencies) = postProject
		{577D9619-F40A-39C7-B5EE-4481A42E012A} = {577D9619-F40A-39C7-B5EE-4481A42E012A}
	EndProjectSection
EndProject
Project("{8BC9CEB8-8B4A-11D0-8D11-00A0C91BC942}") = "example-sftp_append", "example\example-sftp_append.vcproj", "{7A90BA37-C202-3AFB-AC32-A26C5A5F9246}"
	ProjectSection(ProjectDependencies) = postProject
		{577D9619-F40A-39C7-B5EE-4481A42E012A} = {577D9619-F40A-39C7-B5EE-4481A42E012A}
	EndProjectSection
EndProject
Project("{8BC9CEB8-8B4A-11D0-8D11-00A0C91BC942}") = "example-sftp_mkdir", "example\example-sftp_mkdir.vcproj", "{4A8DF193-A447-3996-B399-5322C9321623}"
	ProjectSection(ProjectDependencies) = postProject
		{577D9619-F40A-39C7-B5EE-4481A42E012A} = {577D9619-F40A-39C7-B5EE-4481A42E012A}
	EndProjectSection
EndProject
Project("{8BC9CEB8-8B4A-11D0-8D11-00A0C91BC942}") = "example-sftp_mkdir_nonblock", "example\example-sftp_mkdir_nonblock.vcproj", "{A5F73995-2E9B-31C1-A752-41BB04FD1A60}"
	ProjectSection(ProjectDependencies) = postProject
		{577D9619-F40A-39C7-B5EE-4481A42E012A} = {577D9619-F40A-39C7-B5EE-4481A42E012A}
	EndProjectSection
EndProject
Project("{8BC9CEB8-8B4A-11D0-8D11-00A0C91BC942}") = "example-sftp_nonblock", "example\example-sftp_nonblock.vcproj", "{E6F44A79-6B5E-3D10-B773-DC817A752B33}"
	ProjectSection(ProjectDependencies) = postProject
		{577D9619-F40A-39C7-B5EE-4481A42E012A} = {577D9619-F40A-39C7-B5EE-4481A42E012A}
	EndProjectSection
EndProject
Project("{8BC9CEB8-8B4A-11D0-8D11-00A0C91BC942}") = "example-sftp_write", "example\example-sftp_write.vcproj", "{89994D5A-5CAE-3823-AB58-EEA74311B7B1}"
	ProjectSection(ProjectDependencies) = postProject
		{577D9619-F40A-39C7-B5EE-4481A42E012A} = {577D9619-F40A-39C7-B5EE-4481A42E012A}
	EndProjectSection
EndProject
Project("{8BC9CEB8-8B4A-11D0-8D11-00A0C91BC942}") = "example-sftp_write_nonblock", "example\example-sftp_write_nonblock.vcproj", "{092CC5E3-E640-390C-A971-C49F0F68FDCA}"
	ProjectSection(ProjectDependencies) = postProject
		{577D9619-F40A-39C7-B5EE-4481A42E012A} = {577D9619-F40A-39C7-B5EE-4481A42E012A}
	EndProjectSection
EndProject
Project("{8BC9CEB8-8B4A-11D0-8D11-00A0C91BC942}") = "example-sftp_write_sliding", "example\example-sftp_write_sliding.vcproj", "{CF561220-0244-3640-BE40-BB38F16CD7C7}"
	ProjectSection(ProjectDependencies) = postProject
		{577D9619-F40A-39C7-B5EE-4481A42E012A} = {577D9619-F40A-39C7-B5EE-4481A42E012A}
	EndProjectSection
EndProject
Project("{8BC9CEB8-8B4A-11D0-8D11-00A0C91BC942}") = "example-sftpdir", "example\example-sftpdir.vcproj", "{E9AC5696-C6CF-37EE-9517-87EF8F5CE0C3}"
	ProjectSection(ProjectDependencies) = postProject
		{577D9619-F40A-39C7-B5EE-4481A42E012A} = {577D9619-F40A-39C7-B5EE-4481A42E012A}
	EndProjectSection
EndProject
Project("{8BC9CEB8-8B4A-11D0-8D11-00A0C91BC942}") = "example-sftpdir_nonblock", "example\example-sftpdir_nonblock.vcproj", "{9A11177B-8377-399F-94C8-D41BC480BE4C}"
	ProjectSection(ProjectDependencies) = postProject
		{577D9619-F40A-39C7-B5EE-4481A42E012A} = {577D9619-F40A-39C7-B5EE-4481A42E012A}
	EndProjectSection
EndProject
Project("{8BC9CEB8-8B4A-11D0-8D11-00A0C91BC942}") = "example-ssh2", "example\example-ssh2.vcproj", "{708827B0-053A-33BF-A4C6-DD4B66F18C69}"
	ProjectSection(ProjectDependencies) = postProject
		{577D9619-F40A-39C7-B5EE-4481A42E012A} = {577D9619-F40A-39C7-B5EE-4481A42E012A}
	EndProjectSection
EndProject
Project("{8BC9CEB8-8B4A-11D0-8D11-00A0C91BC942}") = "example-ssh2_agent", "example\example-ssh2_agent.vcproj", "{DAFB15B1-714B-33F1-A813-7EC76297D4BF}"
	ProjectSection(ProjectDependencies) = postProject
		{577D9619-F40A-39C7-B5EE-4481A42E012A} = {577D9619-F40A-39C7-B5EE-4481A42E012A}
	EndProjectSection
EndProject
Project("{8BC9CEB8-8B4A-11D0-8D11-00A0C91BC942}") = "example-ssh2_echo", "example\example-ssh2_echo.vcproj", "{C4188B51-7991-35C3-B116-27A6FB4440F1}"
	ProjectSection(ProjectDependencies) = postProject
		{577D9619-F40A-39C7-B5EE-4481A42E012A} = {577D9619-F40A-39C7-B5EE-4481A42E012A}
	EndProjectSection
EndProject
Project("{8BC9CEB8-8B4A-11D0-8D11-00A0C91BC942}") = "example-ssh2_exec", "example\example-ssh2_exec.vcproj", "{7F76CA6A-1FA3-3A56-A3D3-01CED680D2E0}"
	ProjectSection(ProjectDependencies) = postProject
		{577D9619-F40A-39C7-B5EE-4481A42E012A} = {577D9619-F40A-39C7-B5EE-4481A42E012A}
	EndProjectSection
EndProject
Project("{8BC9CEB8-8B4A-11D0-8D11-00A0C91BC942}") = "example-subsystem_netconf", "example\example-subsystem_netconf.vcproj", "{07BF7C91-36B6-37BB-89C0-38D86F121DDB}"
	ProjectSection(ProjectDependencies) = postProject
		{577D9619-F40A-39C7-B5EE-4481A42E012A} = {577D9619-F40A-39C7-B5EE-4481A42E012A}
	EndProjectSection
EndProject
Project("{8BC9CEB8-8B4A-11D0-8D11-00A0C91BC942}") = "example-tcpip-forward", "example\example-tcpip-forward.vcproj", "{D57DEB04-2844-3153-9C31-BA807657E7EE}"
	ProjectSection(ProjectDependencies) = postProject
		{577D9619-F40A-39C7-B5EE-4481A42E012A} = {577D9619-F40A-39C7-B5EE-4481A42E012A}
	EndProjectSection
EndProject
Project("{8BC9CEB8-8B4A-11D0-8D11-00A0C91BC942}") = "libssh2", "src\libssh2.vcproj", "{577D9619-F40A-39C7-B5EE-4481A42E012A}"
EndProject
Project("{8BC9CEB8-8B4A-11D0-8D11-00A0C91BC942}") = "openssh_fixture", "tests\openssh_fixture.vcproj", "{81C8DCF5-02C1-39D5-8FCC-41ECA63F9C34}"
EndProject
Project("{8BC9CEB8-8B4A-11D0-8D11-00A0C91BC942}") = "runner", "tests\runner.vcproj", "{6CA314C5-F0D7-32F3-B973-FA478B4DA04D}"
	ProjectSection(ProjectDependencies) = postProject
		{577D9619-F40A-39C7-B5EE-4481A42E012A} = {577D9619-F40A-39C7-B5EE-4481A42E012A}
		{81C8DCF5-02C1-39D5-8FCC-41ECA63F9C34} = {81C8DCF5-02C1-39D5-8FCC-41ECA63F9C34}
		{650F53D4-F3A4-329E-B193-B3BC011EF5BE} = {650F53D4-F3A4-329E-B193-B3BC011EF5BE}
	EndProjectSection
EndProject
Project("{8BC9CEB8-8B4A-11D0-8D11-00A0C91BC942}") = "session_fixture", "tests\session_fixture.vcproj", "{650F53D4-F3A4-329E-B193-B3BC011EF5BE}"
	ProjectSection(ProjectDependencies) = postProject
		{577D9619-F40A-39C7-B5EE-4481A42E012A} = {577D9619-F40A-39C7-B5EE-4481A42E012A}
		{81C8DCF5-02C1-39D5-8FCC-41ECA63F9C34} = {81C8DCF5-02C1-39D5-8FCC-41ECA63F9C34}
	EndProjectSection
EndProject
Project("{8BC9CEB8-8B4A-11D0-8D11-00A0C91BC942}") = "test_hostkey", "tests\test_hostkey.vcproj", "{D6F9575C-02A4-3A21-9C4E-8EB94CDEEA5A}"
	ProjectSection(ProjectDependencies) = postProject
		{577D9619-F40A-39C7-B5EE-4481A42E012A} = {577D9619-F40A-39C7-B5EE-4481A42E012A}
		{81C8DCF5-02C1-39D5-8FCC-41ECA63F9C34} = {81C8DCF5-02C1-39D5-8FCC-41ECA63F9C34}
		{6CA314C5-F0D7-32F3-B973-FA478B4DA04D} = {6CA314C5-F0D7-32F3-B973-FA478B4DA04D}
		{650F53D4-F3A4-329E-B193-B3BC011EF5BE} = {650F53D4-F3A4-329E-B193-B3BC011EF5BE}
	EndProjectSection
EndProject
Project("{8BC9CEB8-8B4A-11D0-8D11-00A0C91BC942}") = "test_hostkey_hash", "tests\test_hostkey_hash.vcproj", "{9E221DB5-2E43-3CC8-992A-26811E2A5B59}"
	ProjectSection(ProjectDependencies) = postProject
		{577D9619-F40A-39C7-B5EE-4481A42E012A} = {577D9619-F40A-39C7-B5EE-4481A42E012A}
		{81C8DCF5-02C1-39D5-8FCC-41ECA63F9C34} = {81C8DCF5-02C1-39D5-8FCC-41ECA63F9C34}
		{6CA314C5-F0D7-32F3-B973-FA478B4DA04D} = {6CA314C5-F0D7-32F3-B973-FA478B4DA04D}
		{650F53D4-F3A4-329E-B193-B3BC011EF5BE} = {650F53D4-F3A4-329E-B193-B3BC011EF5BE}
	EndProjectSection
EndProject
Project("{8BC9CEB8-8B4A-11D0-8D11-00A0C91BC942}") = "test_keyboard_interactive_auth_fails_with_wrong_response", "tests\test_keyboard_interactive_auth_fails_with_wrong_response.vcproj", "{EC560D8E-1E6B-3645-BE35-F3FBBCC5B336}"
	ProjectSection(ProjectDependencies) = postProject
		{577D9619-F40A-39C7-B5EE-4481A42E012A} = {577D9619-F40A-39C7-B5EE-4481A42E012A}
		{81C8DCF5-02C1-39D5-8FCC-41ECA63F9C34} = {81C8DCF5-02C1-39D5-8FCC-41ECA63F9C34}
		{6CA314C5-F0D7-32F3-B973-FA478B4DA04D} = {6CA314C5-F0D7-32F3-B973-FA478B4DA04D}
		{650F53D4-F3A4-329E-B193-B3BC011EF5BE} = {650F53D4-F3A4-329E-B193-B3BC011EF5BE}
	EndProjectSection
EndProject
Project("{8BC9CEB8-8B4A-11D0-8D11-00A0C91BC942}") = "test_keyboard_interactive_auth_succeeds_with_correct_response", "tests\test_keyboard_interactive_auth_succeeds_with_correct_response.vcproj", "{EF31E0A7-66E1-3EE1-8352-7C551A5477A0}"
	ProjectSection(ProjectDependencies) = postProject
		{577D9619-F40A-39C7-B5EE-4481A42E012A} = {577D9619-F40A-39C7-B5EE-4481A42E012A}
		{81C8DCF5-02C1-39D5-8FCC-41ECA63F9C34} = {81C8DCF5-02C1-39D5-8FCC-41ECA63F9C34}
		{6CA314C5-F0D7-32F3-B973-FA478B4DA04D} = {6CA314C5-F0D7-32F3-B973-FA478B4DA04D}
		{650F53D4-F3A4-329E-B193-B3BC011EF5BE} = {650F53D4-F3A4-329E-B193-B3BC011EF5BE}
	EndProjectSection
EndProject
Project("{8BC9CEB8-8B4A-11D0-8D11-00A0C91BC942}") = "test_password_auth_fails_with_wrong_password", "tests\test_password_auth_fails_with_wrong_password.vcproj", "{D578DAEF-F49A-3A82-ACF7-5689A157398B}"
	ProjectSection(ProjectDependencies) = postProject
		{577D9619-F40A-39C7-B5EE-4481A42E012A} = {577D9619-F40A-39C7-B5EE-4481A42E012A}
		{81C8DCF5-02C1-39D5-8FCC-41ECA63F9C34} = {81C8DCF5-02C1-39D5-8FCC-41ECA63F9C34}
		{6CA314C5-F0D7-32F3-B973-FA478B4DA04D} = {6CA314C5-F0D7-32F3-B973-FA478B4DA04D}
		{650F53D4-F3A4-329E-B193-B3BC011EF5BE} = {650F53D4-F3A4-329E-B193-B3BC011EF5BE}
	EndProjectSection
EndProject
Project("{8BC9CEB8-8B4A-11D0-8D11-00A0C91BC942}") = "test_password_auth_fails_with_wrong_username", "tests\test_password_auth_fails_with_wrong_username.vcproj", "{AB05B2EC-A2C7-3B34-B763-F30EB26729DD}"
	ProjectSection(ProjectDependencies) = postProject
		{577D9619-F40A-39C7-B5EE-4481A42E012A} = {577D9619-F40A-39C7-B5EE-4481A42E012A}
		{81C8DCF5-02C1-39D5-8FCC-41ECA63F9C34} = {81C8DCF5-02C1-39D5-8FCC-41ECA63F9C34}
		{6CA314C5-F0D7-32F3-B973-FA478B4DA04D} = {6CA314C5-F0D7-32F3-B973-FA478B4DA04D}
		{650F53D4-F3A4-329E-B193-B3BC011EF5BE} = {650F53D4-F3A4-329E-B193-B3BC011EF5BE}
	EndProjectSection
EndProject
Project("{8BC9CEB8-8B4A-11D0-8D11-00A0C91BC942}") = "test_password_auth_succeeds_with_correct_credentials", "tests\test_password_auth_succeeds_with_correct_credentials.vcproj", "{3E373B77-3560-303B-9ABC-D1E87F5FFA24}"
	ProjectSection(ProjectDependencies) = postProject
		{577D9619-F40A-39C7-B5EE-4481A42E012A} = {577D9619-F40A-39C7-B5EE-4481A42E012A}
		{81C8DCF5-02C1-39D5-8FCC-41ECA63F9C34} = {81C8DCF5-02C1-39D5-8FCC-41ECA63F9C34}
		{6CA314C5-F0D7-32F3-B973-FA478B4DA04D} = {6CA314C5-F0D7-32F3-B973-FA478B4DA04D}
		{650F53D4-F3A4-329E-B193-B3BC011EF5BE} = {650F53D4-F3A4-329E-B193-B3BC011EF5BE}
	EndProjectSection
EndProject
Project("{8BC9CEB8-8B4A-11D0-8D11-00A0C91BC942}") = "test_public_key_auth_fails_with_wrong_key", "tests\test_public_key_auth_fails_with_wrong_key.vcproj", "{D130764A-732C-319D-A7AD-7CD949189D6F}"
	ProjectSection(ProjectDependencies) = postProject
		{577D9619-F40A-39C7-B5EE-4481A42E012A} = {577D9619-F40A-39C7-B5EE-4481A42E012A}
		{81C8DCF5-02C1-39D5-8FCC-41ECA63F9C34} = {81C8DCF5-02C1-39D5-8FCC-41ECA63F9C34}
		{6CA314C5-F0D7-32F3-B973-FA478B4DA04D} = {6CA314C5-F0D7-32F3-B973-FA478B4DA04D}
		{650F53D4-F3A4-329E-B193-B3BC011EF5BE} = {650F53D4-F3A4-329E-B193-B3BC011EF5BE}
	EndProjectSection
EndProject
Project("{8BC9CEB8-8B4A-11D0-8D11-00A0C91BC942}") = "test_public_key_auth_succeeds_with_correct_dsa_key", "tests\test_public_key_auth_succeeds_with_correct_dsa_key.vcproj", "{182FD96A-274F-3957-AB7E-6252F97A22FB}"
	ProjectSection(ProjectDependencies) = postProject
		{577D9619-F40A-39C7-B5EE-4481A42E012A} = {577D9619-F40A-39C7-B5EE-4481A42E012A}
		{81C8DCF5-02C1-39D5-8FCC-41ECA63F9C34} = {81C8DCF5-02C1-39D5-8FCC-41ECA63F9C34}
		{6CA314C5-F0D7-32F3-B973-FA478B4DA04D} = {6CA314C5-F0D7-32F3-B973-FA478B4DA04D}
		{650F53D4-F3A4-329E-B193-B3BC011EF5BE} = {650F53D4-F3A4-329E-B193-B3BC011EF5BE}
	EndProjectSection
EndProject
Project("{8BC9CEB8-8B4A-11D0-8D11-00A0C91BC942}") = "test_public_key_auth_succeeds_with_correct_rsa_key", "tests\test_public_key_auth_succeeds_with_correct_rsa_key.vcproj", "{21A7219E-B8C8-3F36-A571-C5DD8C27073A}"
	ProjectSection(ProjectDependencies) = postProject
		{577D9619-F40A-39C7-B5EE-4481A42E012A} = {577D9619-F40A-39C7-B5EE-4481A42E012A}
		{81C8DCF5-02C1-39D5-8FCC-41ECA63F9C34} = {81C8DCF5-02C1-39D5-8FCC-41ECA63F9C34}
		{6CA314C5-F0D7-32F3-B973-FA478B4DA04D} = {6CA314C5-F0D7-32F3-B973-FA478B4DA04D}
		{650F53D4-F3A4-329E-B193-B3BC011EF5BE} = {650F53D4-F3A4-329E-B193-B3BC011EF5BE}
	EndProjectSection
EndProject
Global
	GlobalSection(SolutionConfigurationPlatforms) = preSolution
		Debug|Win32 = Debug|Win32
		Debug|x64 = Debug|x64
		Release|Win32 = Release|Win32
		Release|x64 = Release|x64
	EndGlobalSection
	GlobalSection(ProjectConfigurationPlatforms) = postSolution
		{B7530B7E-D817-3093-A48C-ED5A59A750CB}.Debug|Win32.ActiveCfg = Debug|Win32
		{B7530B7E-D817-3093-A48C-ED5A59A750CB}.Debug|Win32.Build.0 = Debug|Win32
		{B7530B7E-D817-3093-A48C-ED5A59A750CB}.Debug|x64.ActiveCfg = Debug|x64
		{B7530B7E-D817-3093-A48C-ED5A59A750CB}.Debug|x64.Build.0 = Debug|x64
		{B7530B7E-D817-3093-A48C-ED5A59A750CB}.Release|Win32.ActiveCfg = Release|Win32
		{B7530B7E-D817-3093-A48C-ED5A59A750CB}.Release|Win32.Build.0 = Release|Win32
		{B7530B7E-D817-3093-A48C-ED5A59A750CB}.Release|x64.ActiveCfg = Release|x64
		{B7530B7E-D817-3093-A48C-ED5A59A750CB}.Release|x64.Build.0 = Release|x64
		{835CA227-7BAB-34F2-9C5F-65A45D0B8433}.Debug|Win32.ActiveCfg = Debug|Win32
		{835CA227-7BAB-34F2-9C5F-65A45D0B8433}.Debug|Win32.Build.0 = Debug|Win32
		{835CA227-7BAB-34F2-9C5F-65A45D0B8433}.Debug|x64.ActiveCfg = Debug|x64
		{835CA227-7BAB-34F2-9C5F-65A45D0B8433}.Debug|x64.Build.0 = Debug|x64
		{835CA227-7BAB-34F2-9C5F-65A45D0B8433}.Release|Win32.ActiveCfg = Release|Win32
		{835CA227-7BAB-34F2-9C5F-65A45D0B8433}.Release|Win32.Build.0 = Release|Win32
		{835CA227-7BAB-34F2-9C5F-65A45D0B8433}.Release|x64.ActiveCfg = Release|x64
		{835CA227-7BAB-34F2-9C5F-65A45D0B8433}.Release|x64.Build.0 = Release|x64
		{82FEE804-DEFC-3838-A5C2-D4DD4568715C}.Debug|Win32.ActiveCfg = Debug|Win32
		{82FEE804-DEFC-3838-A5C2-D4DD4568715C}.Debug|Win32.Build.0 = Debug|Win32
		{82FEE804-DEFC-3838-A5C2-D4DD4568715C}.Debug|x64.ActiveCfg = Debug|x64
		{82FEE804-DEFC-3838-A5C2-D4DD4568715C}.Debug|x64.Build.0 = Debug|x64
		{82FEE804-DEFC-3838-A5C2-D4DD4568715C}.Release|Win32.ActiveCfg = Release|Win32
		{82FEE804-DEFC-3838-A5C2-D4DD4568715C}.Release|Win32.Build.0 = Release|Win32
		{82FEE804-DEFC-3838-A5C2-D4DD4568715C}.Release|x64.ActiveCfg = Release|x64
		{82FEE804-DEFC-3838-A5C2-D4DD4568715C}.Release|x64.Build.0 = Release|x64
		{86F699B3-B81A-34B5-8D7C-DD1A80116447}.Debug|Win32.ActiveCfg = Debug|Win32
		{86F699B3-B81A-34B5-8D7C-DD1A80116447}.Debug|Win32.Build.0 = Debug|Win32
		{86F699B3-B81A-34B5-8D7C-DD1A80116447}.Debug|x64.ActiveCfg = Debug|x64
		{86F699B3-B81A-34B5-8D7C-DD1A80116447}.Debug|x64.Build.0 = Debug|x64
		{86F699B3-B81A-34B5-8D7C-DD1A80116447}.Release|Win32.ActiveCfg = Release|Win32
		{86F699B3-B81A-34B5-8D7C-DD1A80116447}.Release|Win32.Build.0 = Release|Win32
		{86F699B3-B81A-34B5-8D7C-DD1A80116447}.Release|x64.ActiveCfg = Release|x64
		{86F699B3-B81A-34B5-8D7C-DD1A80116447}.Release|x64.Build.0 = Release|x64
		{2880B9FD-1936-3D67-8FF2-63846E79C392}.Debug|Win32.ActiveCfg = Debug|Win32
		{2880B9FD-1936-3D67-8FF2-63846E79C392}.Debug|Win32.Build.0 = Debug|Win32
		{2880B9FD-1936-3D67-8FF2-63846E79C392}.Debug|x64.ActiveCfg = Debug|x64
		{2880B9FD-1936-3D67-8FF2-63846E79C392}.Debug|x64.Build.0 = Debug|x64
		{2880B9FD-1936-3D67-8FF2-63846E79C392}.Release|Win32.ActiveCfg = Release|Win32
		{2880B9FD-1936-3D67-8FF2-63846E79C392}.Release|Win32.Build.0 = Release|Win32
		{2880B9FD-1936-3D67-8FF2-63846E79C392}.Release|x64.ActiveCfg = Release|x64
		{2880B9FD-1936-3D67-8FF2-63846E79C392}.Release|x64.Build.0 = Release|x64
		{A2DEF529-E5AA-3322-848B-FC74EC62F18D}.Debug|Win32.ActiveCfg = Debug|Win32
		{A2DEF529-E5AA-3322-848B-FC74EC62F18D}.Debug|Win32.Build.0 = Debug|Win32
		{A2DEF529-E5AA-3322-848B-FC74EC62F18D}.Debug|x64.ActiveCfg = Debug|x64
		{A2DEF529-E5AA-3322-848B-FC74EC62F18D}.Debug|x64.Build.0 = Debug|x64
		{A2DEF529-E5AA-3322-848B-FC74EC62F18D}.Release|Win32.ActiveCfg = Release|Win32
		{A2DEF529-E5AA-3322-848B-FC74EC62F18D}.Release|Win32.Build.0 = Release|Win32
		{A2DEF529-E5AA-3322-848B-FC74EC62F18D}.Release|x64.ActiveCfg = Release|x64
		{A2DEF529-E5AA-3322-848B-FC74EC62F18D}.Release|x64.Build.0 = Release|x64
		{82376E8B-3DFD-3CBE-8E6C-CF792ADF4C2B}.Debug|Win32.ActiveCfg = Debug|Win32
		{82376E8B-3DFD-3CBE-8E6C-CF792ADF4C2B}.Debug|Win32.Build.0 = Debug|Win32
		{82376E8B-3DFD-3CBE-8E6C-CF792ADF4C2B}.Debug|x64.ActiveCfg = Debug|x64
		{82376E8B-3DFD-3CBE-8E6C-CF792ADF4C2B}.Debug|x64.Build.0 = Debug|x64
		{82376E8B-3DFD-3CBE-8E6C-CF792ADF4C2B}.Release|Win32.ActiveCfg = Release|Win32
		{82376E8B-3DFD-3CBE-8E6C-CF792ADF4C2B}.Release|Win32.Build.0 = Release|Win32
		{82376E8B-3DFD-3CBE-8E6C-CF792ADF4C2B}.Release|x64.ActiveCfg = Release|x64
		{82376E8B-3DFD-3CBE-8E6C-CF792ADF4C2B}.Release|x64.Build.0 = Release|x64
		{7A90BA37-C202-3AFB-AC32-A26C5A5F9246}.Debug|Win32.ActiveCfg = Debug|Win32
		{7A90BA37-C202-3AFB-AC32-A26C5A5F9246}.Debug|Win32.Build.0 = Debug|Win32
		{7A90BA37-C202-3AFB-AC32-A26C5A5F9246}.Debug|x64.ActiveCfg = Debug|x64
		{7A90BA37-C202-3AFB-AC32-A26C5A5F9246}.Debug|x64.Build.0 = Debug|x64
		{7A90BA37-C202-3AFB-AC32-A26C5A5F9246}.Release|Win32.ActiveCfg = Release|Win32
		{7A90BA37-C202-3AFB-AC32-A26C5A5F9246}.Release|Win32.Build.0 = Release|Win32
		{7A90BA37-C202-3AFB-AC32-A26C5A5F9246}.Release|x64.ActiveCfg = Release|x64
		{7A90BA37-C202-3AFB-AC32-A26C5A5F9246}.Release|x64.Build.0 = Release|x64
		{4A8DF193-A447-3996-B399-5322C9321623}.Debug|Win32.ActiveCfg = Debug|Win32
		{4A8DF193-A447-3996-B399-5322C9321623}.Debug|Win32.Build.0 = Debug|Win32
		{4A8DF193-A447-3996-B399-5322C9321623}.Debug|x64.ActiveCfg = Debug|x64
		{4A8DF193-A447-3996-B399-5322C9321623}.Debug|x64.Build.0 = Debug|x64
		{4A8DF193-A447-3996-B399-5322C9321623}.Release|Win32.ActiveCfg = Release|Win32
		{4A8DF193-A447-3996-B399-5322C9321623}.Release|Win32.Build.0 = Release|Win32
		{4A8DF193-A447-3996-B399-5322C9321623}.Release|x64.ActiveCfg = Release|x64
		{4A8DF193-A447-3996-B399-5322C9321623}.Release|x64.Build.0 = Release|x64
		{A5F73995-2E9B-31C1-A752-41BB04FD1A60}.Debug|Win32.ActiveCfg = Debug|Win32
		{A5F73995-2E9B-31C1-A752-41BB04FD1A60}.Debug|Win32.Build.0 = Debug|Win32
		{A5F73995-2E9B-31C1-A752-41BB04FD1A60}.Debug|x64.ActiveCfg = Debug|x64
		{A5F73995-2E9B-31C1-A752-41BB04FD1A60}.Debug|x64.Build.0 = Debug|x64
		{A5F73995-2E9B-31C1-A752-41BB04FD1A60}.Release|Win32.ActiveCfg = Release|Win32
		{A5F73995-2E9B-31C1-A752-41BB04FD1A60}.Release|Win32.Build.0 = Release|Win32
		{A5F73995-2E9B-31C1-A752-41BB04FD1A60}.Release|x64.ActiveCfg = Release|x64
		{A5F73995-2E9B-31C1-A752-41BB04FD1A60}.Release|x64.Build.0 = Release|x64
		{E6F44A79-6B5E-3D10-B773-DC817A752B33}.Debug|Win32.ActiveCfg = Debug|Win32
		{E6F44A79-6B5E-3D10-B773-DC817A752B33}.Debug|Win32.Build.0 = Debug|Win32
		{E6F44A79-6B5E-3D10-B773-DC817A752B33}.Debug|x64.ActiveCfg = Debug|x64
		{E6F44A79-6B5E-3D10-B773-DC817A752B33}.Debug|x64.Build.0 = Debug|x64
		{E6F44A79-6B5E-3D10-B773-DC817A752B33}.Release|Win32.ActiveCfg = Release|Win32
		{E6F44A79-6B5E-3D10-B773-DC817A752B33}.Release|Win32.Build.0 = Release|Win32
		{E6F44A79-6B5E-3D10-B773-DC817A752B33}.Release|x64.ActiveCfg = Release|x64
		{E6F44A79-6B5E-3D10-B773-DC817A752B33}.Release|x64.Build.0 = Release|x64
		{89994D5A-5CAE-3823-AB58-EEA74311B7B1}.Debug|Win32.ActiveCfg = Debug|Win32
		{89994D5A-5CAE-3823-AB58-EEA74311B7B1}.Debug|Win32.Build.0 = Debug|Win32
		{89994D5A-5CAE-3823-AB58-EEA74311B7B1}.Debug|x64.ActiveCfg = Debug|x64
		{89994D5A-5CAE-3823-AB58-EEA74311B7B1}.Debug|x64.Build.0 = Debug|x64
		{89994D5A-5CAE-3823-AB58-EEA74311B7B1}.Release|Win32.ActiveCfg = Release|Win32
		{89994D5A-5CAE-3823-AB58-EEA74311B7B1}.Release|Win32.Build.0 = Release|Win32
		{89994D5A-5CAE-3823-AB58-EEA74311B7B1}.Release|x64.ActiveCfg = Release|x64
		{89994D5A-5CAE-3823-AB58-EEA74311B7B1}.Release|x64.Build.0 = Release|x64
		{092CC5E3-E640-390C-A971-C49F0F68FDCA}.Debug|Win32.ActiveCfg = Debug|Win32
		{092CC5E3-E640-390C-A971-C49F0F68FDCA}.Debug|Win32.Build.0 = Debug|Win32
		{092CC5E3-E640-390C-A971-C49F0F68FDCA}.Debug|x64.ActiveCfg = Debug|x64
		{092CC5E3-E640-390C-A971-C49F0F68FDCA}.Debug|x64.Build.0 = Debug|x64
		{092CC5E3-E640-390C-A971-C49F0F68FDCA}.Release|Win32.ActiveCfg = Release|Win32
		{092CC5E3-E640-390C-A971-C49F0F68FDCA}.Release|Win32.Build.0 = Release|Win32
		{092CC5E3-E640-390C-A971-C49F0F68FDCA}.Release|x64.ActiveCfg = Release|x64
		{092CC5E3-E640-390C-A971-C49F0F68FDCA}.Release|x64.Build.0 = Release|x64
		{CF561220-0244-3640-BE40-BB38F16CD7C7}.Debug|Win32.ActiveCfg = Debug|Win32
		{CF561220-0244-3640-BE40-BB38F16CD7C7}.Debug|Win32.Build.0 = Debug|Win32
		{CF561220-0244-3640-BE40-BB38F16CD7C7}.Debug|x64.ActiveCfg = Debug|x64
		{CF561220-0244-3640-BE40-BB38F16CD7C7}.Debug|x64.Build.0 = Debug|x64
		{CF561220-0244-3640-BE40-BB38F16CD7C7}.Release|Win32.ActiveCfg = Release|Win32
		{CF561220-0244-3640-BE40-BB38F16CD7C7}.Release|Win32.Build.0 = Release|Win32
		{CF561220-0244-3640-BE40-BB38F16CD7C7}.Release|x64.ActiveCfg = Release|x64
		{CF561220-0244-3640-BE40-BB38F16CD7C7}.Release|x64.Build.0 = Release|x64
		{E9AC5696-C6CF-37EE-9517-87EF8F5CE0C3}.Debug|Win32.ActiveCfg = Debug|Win32
		{E9AC5696-C6CF-37EE-9517-87EF8F5CE0C3}.Debug|Win32.Build.0 = Debug|Win32
		{E9AC5696-C6CF-37EE-9517-87EF8F5CE0C3}.Debug|x64.ActiveCfg = Debug|x64
		{E9AC5696-C6CF-37EE-9517-87EF8F5CE0C3}.Debug|x64.Build.0 = Debug|x64
		{E9AC5696-C6CF-37EE-9517-87EF8F5CE0C3}.Release|Win32.ActiveCfg = Release|Win32
		{E9AC5696-C6CF-37EE-9517-87EF8F5CE0C3}.Release|Win32.Build.0 = Release|Win32
		{E9AC5696-C6CF-37EE-9517-87EF8F5CE0C3}.Release|x64.ActiveCfg = Release|x64
		{E9AC5696-C6CF-37EE-9517-87EF8F5CE0C3}.Release|x64.Build.0 = Release|x64
		{9A11177B-8377-399F-94C8-D41BC480BE4C}.Debug|Win32.ActiveCfg = Debug|Win32
		{9A11177B-8377-399F-94C8-D41BC480BE4C}.Debug|Win32.Build.0 = Debug|Win32
		{9A11177B-8377-399F-94C8-D41BC480BE4C}.Debug|x64.ActiveCfg = Debug|x64
		{9A11177B-8377-399F-94C8-D41BC480BE4C}.Debug|x64.Build.0 = Debug|x64
		{9A11177B-8377-399F-94C8-D41BC480BE4C}.Release|Win32.ActiveCfg = Release|Win32
		{9A11177B-8377-399F-94C8-D41BC480BE4C}.Release|Win32.Build.0 = Release|Win32
		{9A11177B-8377-399F-94C8-D41BC480BE4C}.Release|x64.ActiveCfg = Release|x64
		{9A11177B-8377-399F-94C8-D41BC480BE4C}.Release|x64.Build.0 = Release|x64
		{708827B0-053A-33BF-A4C6-DD4B66F18C69}.Debug|Win32.ActiveCfg = Debug|Win32
		{708827B0-053A-33BF-A4C6-DD4B66F18C69}.Debug|Win32.Build.0 = Debug|Win32
		{708827B0-053A-33BF-A4C6-DD4B66F18C69}.Debug|x64.ActiveCfg = Debug|x64
		{708827B0-053A-33BF-A4C6-DD4B66F18C69}.Debug|x64.Build.0 = Debug|x64
		{708827B0-053A-33BF-A4C6-DD4B66F18C69}.Release|Win32.ActiveCfg = Release|Win32
		{708827B0-053A-33BF-A4C6-DD4B66F18C69}.Release|Win32.Build.0 = Release|Win32
		{708827B0-053A-33BF-A4C6-DD4B66F18C69}.Release|x64.ActiveCfg = Release|x64
		{708827B0-053A-33BF-A4C6-DD4B66F18C69}.Release|x64.Build.0 = Release|x64
		{DAFB15B1-714B-33F1-A813-7EC76297D4BF}.Debug|Win32.ActiveCfg = Debug|Win32
		{DAFB15B1-714B-33F1-A813-7EC76297D4BF}.Debug|Win32.Build.0 = Debug|Win32
		{DAFB15B1-714B-33F1-A813-7EC76297D4BF}.Debug|x64.ActiveCfg = Debug|x64
		{DAFB15B1-714B-33F1-A813-7EC76297D4BF}.Debug|x64.Build.0 = Debug|x64
		{DAFB15B1-714B-33F1-A813-7EC76297D4BF}.Release|Win32.ActiveCfg = Release|Win32
		{DAFB15B1-714B-33F1-A813-7EC76297D4BF}.Release|Win32.Build.0 = Release|Win32
		{DAFB15B1-714B-33F1-A813-7EC76297D4BF}.Release|x64.ActiveCfg = Release|x64
		{DAFB15B1-714B-33F1-A813-7EC76297D4BF}.Release|x64.Build.0 = Release|x64
		{C4188B51-7991-35C3-B116-27A6FB4440F1}.Debug|Win32.ActiveCfg = Debug|Win32
		{C4188B51-7991-35C3-B116-27A6FB4440F1}.Debug|Win32.Build.0 = Debug|Win32
		{C4188B51-7991-35C3-B116-27A6FB4440F1}.Debug|x64.ActiveCfg = Debug|x64
		{C4188B51-7991-35C3-B116-27A6FB4440F1}.Debug|x64.Build.0 = Debug|x64
		{C4188B51-7991-35C3-B116-27A6FB4440F1}.Release|Win32.ActiveCfg = Release|Win32
		{C4188B51-7991-35C3-B116-27A6FB4440F1}.Release|Win32.Build.0 = Release|Win32
		{C4188B51-7991-35C3-B116-27A6FB4440F1}.Release|x64.ActiveCfg = Release|x64
		{C4188B51-7991-35C3-B116-27A6FB4440F1}.Release|x64.Build.0 = Release|x64
		{7F76CA6A-1FA3-3A56-A3D3-01CED680D2E0}.Debug|Win32.ActiveCfg = Debug|Win32
		{7F76CA6A-1FA3-3A56-A3D3-01CED680D2E0}.Debug|Win32.Build.0 = Debug|Win32
		{7F76CA6A-1FA3-3A56-A3D3-01CED680D2E0}.Debug|x64.ActiveCfg = Debug|x64
		{7F76CA6A-1FA3-3A56-A3D3-01CED680D2E0}.Debug|x64.Build.0 = Debug|x64
		{7F76CA6A-1FA3-3A56-A3D3-01CED680D2E0}.Release|Win32.ActiveCfg = Release|Win32
		{7F76CA6A-1FA3-3A56-A3D3-01CED680D2E0}.Release|Win32.Build.0 = Release|Win32
		{7F76CA6A-1FA3-3A56-A3D3-01CED680D2E0}.Release|x64.ActiveCfg = Release|x64
		{7F76CA6A-1FA3-3A56-A3D3-01CED680D2E0}.Release|x64.Build.0 = Release|x64
		{07BF7C91-36B6-37BB-89C0-38D86F121DDB}.Debug|Win32.ActiveCfg = Debug|Win32
		{07BF7C91-36B6-37BB-89C0-38D86F121DDB}.Debug|Win32.Build.0 = Debug|Win32
		{07BF7C91-36B6-37BB-89C0-38D86F121DDB}.Debug|x64.ActiveCfg = Debug|x64
		{07BF7C91-36B6-37BB-89C0-38D86F121DDB}.Debug|x64.Build.0 = Debug|x64
		{07BF7C91-36B6-37BB-89C0-38D86F121DDB}.Release|Win32.ActiveCfg = Release|Win32
		{07BF7C91-36B6-37BB-89C0-38D86F121DDB}.Release|Win32.Build.0 = Release|Win32
		{07BF7C91-36B6-37BB-89C0-38D86F121DDB}.Release|x64.ActiveCfg = Release|x64
		{07BF7C91-36B6-37BB-89C0-38D86F121DDB}.Release|x64.Build.0 = Release|x64
		{D57DEB04-2844-3153-9C31-BA807657E7EE}.Debug|Win32.ActiveCfg = Debug|Win32
		{D57DEB04-2844-3153-9C31-BA807657E7EE}.Debug|Win32.Build.0 = Debug|Win32
		{D57DEB04-2844-3153-9C31-BA807657E7EE}.Debug|x64.ActiveCfg = Debug|x64
		{D57DEB04-2844-3153-9C31-BA807657E7EE}.Debug|x64.Build.0 = Debug|x64
		{D57DEB04-2844-3153-9C31-BA807657E7EE}.Release|Win32.ActiveCfg = Release|Win32
		{D57DEB04-2844-3153-9C31-BA807657E7EE}.Release|Win32.Build.0 = Release|Win32
		{D57DEB04-2844-3153-9C31-BA807657E7EE}.Release|x64.ActiveCfg = Release|x64
		{D57DEB04-2844-3153-9C31-BA807657E7EE}.Release|x64.Build.0 = Release|x64
		{577D9619-F40A-39C7-B5EE-4481A42E012A}.Debug|Win32.ActiveCfg = Debug|Win32
		{577D9619-F40A-39C7-B5EE-4481A42E012A}.Debug|Win32.Build.0 = Debug|Win32
		{577D9619-F40A-39C7-B5EE-4481A42E012A}.Debug|x64.ActiveCfg = Debug|x64
		{577D9619-F40A-39C7-B5EE-4481A42E012A}.Debug|x64.Build.0 = Debug|x64
		{577D9619-F40A-39C7-B5EE-4481A42E012A}.Release|Win32.ActiveCfg = Release|Win32
		{577D9619-F40A-39C7-B5EE-4481A42E012A}.Release|Win32.Build.0 = Release|Win32
		{577D9619-F40A-39C7-B5EE-4481A42E012A}.Release|x64.ActiveCfg = Release|x64
		{577D9619-F40A-39C7-B5EE-4481A42E012A}.Release|x64.Build.0 = Release|x64
		{81C8DCF5-02C1-39D5-8FCC-41ECA63F9C34}.Debug|Win32.ActiveCfg = Debug|Win32
		{81C8DCF5-02C1-39D5-8FCC-41ECA63F9C34}.Debug|Win32.Build.0 = Debug|Win32
		{81C8DCF5-02C1-39D5-8FCC-41ECA63F9C34}.Debug|x64.ActiveCfg = Debug|x64
		{81C8DCF5-02C1-39D5-8FCC-41ECA63F9C34}.Debug|x64.Build.0 = Debug|x64
		{81C8DCF5-02C1-39D5-8FCC-41ECA63F9C34}.Release|Win32.ActiveCfg = Release|Win32
		{81C8DCF5-02C1-39D5-8FCC-41ECA63F9C34}.Release|Win32.Build.0 = Release|Win32
		{81C8DCF5-02C1-39D5-8FCC-41ECA63F9C34}.Release|x64.ActiveCfg = Release|x64
		{81C8DCF5-02C1-39D5-8FCC-41ECA63F9C34}.Release|x64.Build.0 = Release|x64
		{6CA314C5-F0D7-32F3-B973-FA478B4DA04D}.Debug|Win32.ActiveCfg = Debug|Win32
		{6CA314C5-F0D7-32F3-B973-FA478B4DA04D}.Debug|Win32.Build.0 = Debug|Win32
		{6CA314C5-F0D7-32F3-B973-FA478B4DA04D}.Debug|x64.ActiveCfg = Debug|x64
		{6CA314C5-F0D7-32F3-B973-FA478B4DA04D}.Debug|x64.Build.0 = Debug|x64
		{6CA314C5-F0D7-32F3-B973-FA478B4DA04D}.Release|Win32.ActiveCfg = Release|Win32
		{6CA314C5-F0D7-32F3-B973-FA478B4DA04D}.Release|Win32.Build.0 = Release|Win32
		{6CA314C5-F0D7-32F3-B973-FA478B4DA04D}.Release|x64.ActiveCfg = Release|x64
		{6CA314C5-F0D7-32F3-B973-FA478B4DA04D}.Release|x64.Build.0 = Release|x64
		{650F53D4-F3A4-329E-B193-B3BC011EF5BE}.Debug|Win32.ActiveCfg = Debug|Win32
		{650F53D4-F3A4-329E-B193-B3BC011EF5BE}.Debug|Win32.Build.0 = Debug|Win32
		{650F53D4-F3A4-329E-B193-B3BC011EF5BE}.Debug|x64.ActiveCfg = Debug|x64
		{650F53D4-F3A4-329E-B193-B3BC011EF5BE}.Debug|x64.Build.0 = Debug|x64
		{650F53D4-F3A4-329E-B193-B3BC011EF5BE}.Release|Win32.ActiveCfg = Release|Win32
		{650F53D4-F3A4-329E-B193-B3BC011EF5BE}.Release|Win32.Build.0 = Release|Win32
		{650F53D4-F3A4-329E-B193-B3BC011EF5BE}.Release|x64.ActiveCfg = Release|x64
		{650F53D4-F3A4-329E-B193-B3BC011EF5BE}.Release|x64.Build.0 = Release|x64
		{D6F9575C-02A4-3A21-9C4E-8EB94CDEEA5A}.Debug|Win32.ActiveCfg = Debug|Win32
		{D6F9575C-02A4-3A21-9C4E-8EB94CDEEA5A}.Debug|Win32.Build.0 = Debug|Win32
		{D6F9575C-02A4-3A21-9C4E-8EB94CDEEA5A}.Debug|x64.ActiveCfg = Debug|x64
		{D6F9575C-02A4-3A21-9C4E-8EB94CDEEA5A}.Debug|x64.Build.0 = Debug|x64
		{D6F9575C-02A4-3A21-9C4E-8EB94CDEEA5A}.Release|Win32.ActiveCfg = Release|Win32
		{D6F9575C-02A4-3A21-9C4E-8EB94CDEEA5A}.Release|Win32.Build.0 = Release|Win32
		{D6F9575C-02A4-3A21-9C4E-8EB94CDEEA5A}.Release|x64.ActiveCfg = Release|x64
		{D6F9575C-02A4-3A21-9C4E-8EB94CDEEA5A}.Release|x64.Build.0 = Release|x64
		{9E221DB5-2E43-3CC8-992A-26811E2A5B59}.Debug|Win32.ActiveCfg = Debug|Win32
		{9E221DB5-2E43-3CC8-992A-26811E2A5B59}.Debug|Win32.Build.0 = Debug|Win32
		{9E221DB5-2E43-3CC8-992A-26811E2A5B59}.Debug|x64.ActiveCfg = Debug|x64
		{9E221DB5-2E43-3CC8-992A-26811E2A5B59}.Debug|x64.Build.0 = Debug|x64
		{9E221DB5-2E43-3CC8-992A-26811E2A5B59}.Release|Win32.ActiveCfg = Release|Win32
		{9E221DB5-2E43-3CC8-992A-26811E2A5B59}.Release|Win32.Build.0 = Release|Win32
		{9E221DB5-2E43-3CC8-992A-26811E2A5B59}.Release|x64.ActiveCfg = Release|x64
		{9E221DB5-2E43-3CC8-992A-26811E2A5B59}.Release|x64.Build.0 = Release|x64
		{EC560D8E-1E6B-3645-BE35-F3FBBCC5B336}.Debug|Win32.ActiveCfg = Debug|Win32
		{EC560D8E-1E6B-3645-BE35-F3FBBCC5B336}.Debug|Win32.Build.0 = Debug|Win32
		{EC560D8E-1E6B-3645-BE35-F3FBBCC5B336}.Debug|x64.ActiveCfg = Debug|x64
		{EC560D8E-1E6B-3645-BE35-F3FBBCC5B336}.Debug|x64.Build.0 = Debug|x64
		{EC560D8E-1E6B-3645-BE35-F3FBBCC5B336}.Release|Win32.ActiveCfg = Release|Win32
		{EC560D8E-1E6B-3645-BE35-F3FBBCC5B336}.Release|Win32.Build.0 = Release|Win32
		{EC560D8E-1E6B-3645-BE35-F3FBBCC5B336}.Release|x64.ActiveCfg = Release|x64
		{EC560D8E-1E6B-3645-BE35-F3FBBCC5B336}.Release|x64.Build.0 = Release|x64
		{EF31E0A7-66E1-3EE1-8352-7C551A5477A0}.Debug|Win32.ActiveCfg = Debug|Win32
		{EF31E0A7-66E1-3EE1-8352-7C551A5477A0}.Debug|Win32.Build.0 = Debug|Win32
		{EF31E0A7-66E1-3EE1-8352-7C551A5477A0}.Debug|x64.ActiveCfg = Debug|x64
		{EF31E0A7-66E1-3EE1-8352-7C551A5477A0}.Debug|x64.Build.0 = Debug|x64
		{EF31E0A7-66E1-3EE1-8352-7C551A5477A0}.Release|Win32.ActiveCfg = Release|Win32
		{EF31E0A7-66E1-3EE1-8352-7C551A5477A0}.Release|Win32.Build.0 = Release|Win32
		{EF31E0A7-66E1-3EE1-8352-7C551A5477A0}.Release|x64.ActiveCfg = Release|x64
		{EF31E0A7-66E1-3EE1-8352-7C551A5477A0}.Release|x64.Build.0 = Release|x64
		{D578DAEF-F49A-3A82-ACF7-5689A157398B}.Debug|Win32.ActiveCfg = Debug|Win32
		{D578DAEF-F49A-3A82-ACF7-5689A157398B}.Debug|Win32.Build.0 = Debug|Win32
		{D578DAEF-F49A-3A82-ACF7-5689A157398B}.Debug|x64.ActiveCfg = Debug|x64
		{D578DAEF-F49A-3A82-ACF7-5689A157398B}.Debug|x64.Build.0 = Debug|x64
		{D578DAEF-F49A-3A82-ACF7-5689A157398B}.Release|Win32.ActiveCfg = Release|Win32
		{D578DAEF-F49A-3A82-ACF7-5689A157398B}.Release|Win32.Build.0 = Release|Win32
		{D578DAEF-F49A-3A82-ACF7-5689A157398B}.Release|x64.ActiveCfg = Release|x64
		{D578DAEF-F49A-3A82-ACF7-5689A157398B}.Release|x64.Build.0 = Release|x64
		{AB05B2EC-A2C7-3B34-B763-F30EB26729DD}.Debug|Win32.ActiveCfg = Debug|Win32
		{AB05B2EC-A2C7-3B34-B763-F30EB26729DD}.Debug|Win32.Build.0 = Debug|Win32
		{AB05B2EC-A2C7-3B34-B763-F30EB26729DD}.Debug|x64.ActiveCfg = Debug|x64
		{AB05B2EC-A2C7-3B34-B763-F30EB26729DD}.Debug|x64.Build.0 = Debug|x64
		{AB05B2EC-A2C7-3B34-B763-F30EB26729DD}.Release|Win32.ActiveCfg = Release|Win32
		{AB05B2EC-A2C7-3B34-B763-F30EB26729DD}.Release|Win32.Build.0 = Release|Win32
		{AB05B2EC-A2C7-3B34-B763-F30EB26729DD}.Release|x64.ActiveCfg = Release|x64
		{AB05B2EC-A2C7-3B34-B763-F30EB26729DD}.Release|x64.Build.0 = Release|x64
		{3E373B77-3560-303B-9ABC-D1E87F5FFA24}.Debug|Win32.ActiveCfg = Debug|Win32
		{3E373B77-3560-303B-9ABC-D1E87F5FFA24}.Debug|Win32.Build.0 = Debug|Win32
		{3E373B77-3560-303B-9ABC-D1E87F5FFA24}.Debug|x64.ActiveCfg = Debug|x64
		{3E373B77-3560-303B-9ABC-D1E87F5FFA24}.Debug|x64.Build.0 = Debug|x64
		{3E373B77-3560-303B-9ABC-D1E87F5FFA24}.Release|Win32.ActiveCfg = Release|Win32
		{3E373B77-3560-303B-9ABC-D1E87F5FFA24}.Release|Win32.Build.0 = Release|Win32
		{3E373B77-3560-303B-9ABC-D1E87F5FFA24}.Release|x64.ActiveCfg = Release|x64
		{3E373B77-3560-303B-9ABC-D1E87F5FFA24}.Release|x64.Build.0 = Release|x64
		{D130764A-732C-319D-A7AD-7CD949189D6F}.Debug|Win32.ActiveCfg = Debug|Win32
		{D130764A-732C-319D-A7AD-7CD949189D6F}.Debug|Win32.Build.0 = Debug|Win32
		{D130764A-732C-319D-A7AD-7CD949189D6F}.Debug|x64.ActiveCfg = Debug|x64
		{D130764A-732C-319D-A7AD-7CD949189D6F}.Debug|x64.Build.0 = Debug|x64
		{D130764A-732C-319D-A7AD-7CD949189D6F}.Release|Win32.ActiveCfg = Release|Win32
		{D130764A-732C-319D-A7AD-7CD949189D6F}.Release|Win32.Build.0 = Release|Win32
		{D130764A-732C-319D-A7AD-7CD949189D6F}.Release|x64.ActiveCfg = Release|x64
		{D130764A-732C-319D-A7AD-7CD949189D6F}.Release|x64.Build.0 = Release|x64
		{182FD96A-274F-3957-AB7E-6252F97A22FB}.Debug|Win32.ActiveCfg = Debug|Win32
		{182FD96A-274F-3957-AB7E-6252F97A22FB}.Debug|Win32.Build.0 = Debug|Win32
		{182FD96A-274F-3957-AB7E-6252F97A22FB}.Debug|x64.ActiveCfg = Debug|x64
		{182FD96A-274F-3957-AB7E-6252F97A22FB}.Debug|x64.Build.0 = Debug|x64
		{182FD96A-274F-3957-AB7E-6252F97A22FB}.Release|Win32.ActiveCfg = Release|Win32
		{182FD96A-274F-3957-AB7E-6252F97A22FB}.Release|Win32.Build.0 = Release|Win32
		{182FD96A-274F-3957-AB7E-6252F97A22FB}.Release|x64.ActiveCfg = Release|x64
		{182FD96A-274F-3957-AB7E-6252F97A22FB}.Release|x64.Build.0 = Release|x64
		{21A7219E-B8C8-3F36-A571-C5DD8C27073A}.Debug|Win32.ActiveCfg = Debug|Win32
		{21A7219E-B8C8-3F36-A571-C5DD8C27073A}.Debug|Win32.Build.0 = Debug|Win32
		{21A7219E-B8C8-3F36-A571-C5DD8C27073A}.Debug|x64.ActiveCfg = Debug|x64
		{21A7219E-B8C8-3F36-A571-C5DD8C27073A}.Debug|x64.Build.0 = Debug|x64
		{21A7219E-B8C8-3F36-A571-C5DD8C27073A}.Release|Win32.ActiveCfg = Release|Win32
		{21A7219E-B8C8-3F36-A571-C5DD8C27073A}.Release|Win32.Build.0 = Release|Win32
		{21A7219E-B8C8-3F36-A571-C5DD8C27073A}.Release|x64.ActiveCfg = Release|x64
		{21A7219E-B8C8-3F36-A571-C5DD8C27073A}.Release|x64.Build.0 = Release|x64
	EndGlobalSection
	GlobalSection(SolutionProperties) = preSolution
		HideSolutionNode = FALSE
	EndGlobalSection
EndGlobal
